
Microsoft Visual Studio Solution File, Format Version 12.00
# Visual Studio 15
VisualStudioVersion = 15.0.26430.14
MinimumVisualStudioVersion = 10.0.40219.1
Project("{FAE04EC0-301F-11D3-BF4B-00C04F79EFBC}") = "AspNetCoreMvcMovie", "AspNetCoreMvcMovie\AspNetCoreMvcMovie.csproj", "{041449A3-F026-4F0A-B8C7-4B11E139EBEB}"
EndProject
Global
	GlobalSection(SolutionConfigurationPlatforms) = preSolution
		Debug|Any CPU = Debug|Any CPU
		Release|Any CPU = Release|Any CPU
	EndGlobalSection
	GlobalSection(ProjectConfigurationPlatforms) = postSolution
		{041449A3-F026-4F0A-B8C7-4B11E139EBEB}.Debug|Any CPU.ActiveCfg = Debug|Any CPU
		{041449A3-F026-4F0A-B8C7-4B11E139EBEB}.Debug|Any CPU.Build.0 = Debug|Any CPU
		{041449A3-F026-4F0A-B8C7-4B11E139EBEB}.Release|Any CPU.ActiveCfg = Release|Any CPU
		{041449A3-F026-4F0A-B8C7-4B11E139EBEB}.Release|Any CPU.Build.0 = Release|Any CPU
	EndGlobalSection
	GlobalSection(SolutionProperties) = preSolution
		HideSolutionNode = FALSE
	EndGlobalSection
EndGlobal
